
Microsoft Visual Studio Solution File, Format Version 12.00
# Visual Studio Version 17
VisualStudioVersion = 17.8.34525.116
MinimumVisualStudioVersion = 10.0.40219.1
Project("{FAE04EC0-301F-11D3-BF4B-00C04F79EFBC}") = "Week4Loops", "Week4Loops\Week4Loops.csproj", "{F94D6835-EBC4-45B7-A8C9-EBAA0FE47FA5}"
EndProject
Project("{FAE04EC0-301F-11D3-BF4B-00C04F79EFBC}") = "ForLoopSum", "ForLoopSum\ForLoopSum.csproj", "{8D0579D0-6B56-49A3-B53D-7EA9AF30AC07}"
EndProject
Project("{FAE04EC0-301F-11D3-BF4B-00C04F79EFBC}") = "RandomNumber", "RandomNumber\RandomNumber.csproj", "{D3E95CF6-93B6-4037-9E6C-23CFBD37B315}"
EndProject
Project("{FAE04EC0-301F-11D3-BF4B-00C04F79EFBC}") = "WhileLoops", "WhileLoops\WhileLoops.csproj", "{83641AB1-29B7-427D-81EE-83966C6D4B19}"
EndProject
Global
	GlobalSection(SolutionConfigurationPlatforms) = preSolution
		Debug|Any CPU = Debug|Any CPU
		Release|Any CPU = Release|Any CPU
	EndGlobalSection
	GlobalSection(ProjectConfigurationPlatforms) = postSolution
		{F94D6835-EBC4-45B7-A8C9-EBAA0FE47FA5}.Debug|Any CPU.ActiveCfg = Debug|Any CPU
		{F94D6835-EBC4-45B7-A8C9-EBAA0FE47FA5}.Debug|Any CPU.Build.0 = Debug|Any CPU
		{F94D6835-EBC4-45B7-A8C9-EBAA0FE47FA5}.Release|Any CPU.ActiveCfg = Release|Any CPU
		{F94D6835-EBC4-45B7-A8C9-EBAA0FE47FA5}.Release|Any CPU.Build.0 = Release|Any CPU
		{8D0579D0-6B56-49A3-B53D-7EA9AF30AC07}.Debug|Any CPU.ActiveCfg = Debug|Any CPU
		{8D0579D0-6B56-49A3-B53D-7EA9AF30AC07}.Debug|Any CPU.Build.0 = Debug|Any CPU
		{8D0579D0-6B56-49A3-B53D-7EA9AF30AC07}.Release|Any CPU.ActiveCfg = Release|Any CPU
		{8D0579D0-6B56-49A3-B53D-7EA9AF30AC07}.Release|Any CPU.Build.0 = Release|Any CPU
		{D3E95CF6-93B6-4037-9E6C-23CFBD37B315}.Debug|Any CPU.ActiveCfg = Debug|Any CPU
		{D3E95CF6-93B6-4037-9E6C-23CFBD37B315}.Debug|Any CPU.Build.0 = Debug|Any CPU
		{D3E95CF6-93B6-4037-9E6C-23CFBD37B315}.Release|Any CPU.ActiveCfg = Release|Any CPU
		{D3E95CF6-93B6-4037-9E6C-23CFBD37B315}.Release|Any CPU.Build.0 = Release|Any CPU
		{83641AB1-29B7-427D-81EE-83966C6D4B19}.Debug|Any CPU.ActiveCfg = Debug|Any CPU
		{83641AB1-29B7-427D-81EE-83966C6D4B19}.Debug|Any CPU.Build.0 = Debug|Any CPU
		{83641AB1-29B7-427D-81EE-83966C6D4B19}.Release|Any CPU.ActiveCfg = Release|Any CPU
		{83641AB1-29B7-427D-81EE-83966C6D4B19}.Release|Any CPU.Build.0 = Release|Any CPU
	EndGlobalSection
	GlobalSection(SolutionProperties) = preSolution
		HideSolutionNode = FALSE
	EndGlobalSection
	GlobalSection(ExtensibilityGlobals) = postSolution
		SolutionGuid = {DA0FB998-1886-468E-9818-CE41401902F0}
	EndGlobalSection
EndGlobal
